{
  "version": "3",
  "packages": {
    "specifiers": {
      "jsr:@std/crypto": "jsr:@std/crypto@1.0.3",
      "jsr:@std/encoding": "jsr:@std/encoding@1.0.5",
      "jsr:@vicary/lambda-adapter@^0.1.1": "jsr:@vicary/lambda-adapter@0.1.1",
      "jsr:@vicary/lambda-adapter@^0.1.2": "jsr:@vicary/lambda-adapter@0.1.2",
      "jsr:@vicary/lambda-adapter@^0.1.3": "jsr:@vicary/lambda-adapter@0.1.3",
      "jsr:@vicary/lambda-adapter@^0.1.4": "jsr:@vicary/lambda-adapter@0.1.4",
      "npm:@types/aws-lambda": "npm:@types/aws-lambda@8.10.145",
      "npm:@types/aws-lambda@^8.10.145": "npm:@types/aws-lambda@8.10.145",
      "npm:@types/node": "npm:@types/node@18.16.19",
      "npm:aws-lambda": "npm:aws-lambda@1.0.7"
    },
    "jsr": {
      "@std/crypto@1.0.3": {
        "integrity": "a2a32f51ddef632d299e3879cd027c630dcd4d1d9a5285d6e6788072f4e51e7f"
      },
      "@std/encoding@1.0.5": {
        "integrity": "ecf363d4fc25bd85bd915ff6733a7e79b67e0e7806334af15f4645c569fefc04"
      },
      "@vicary/lambda-adapter@0.1.1": {
        "integrity": "7fec375d1e29672d9a4f4a18a43e46c5967c8e95b37362b36dd87d4419ac820d",
        "dependencies": [
          "npm:@types/aws-lambda@^8.10.145"
        ]
      },
      "@vicary/lambda-adapter@0.1.2": {
        "integrity": "9af3869fb063429a13dd430e30d447754bbb6fe51094a25c77dee60c14354fce",
        "dependencies": [
          "npm:@types/aws-lambda@^8.10.145"
        ]
      },
      "@vicary/lambda-adapter@0.1.3": {
        "integrity": "9fcdab851b5ebaebd078c6f10b7ff6efb189473b0fa187a74887084001e5dbbc",
        "dependencies": [
          "npm:@types/aws-lambda@^8.10.145"
        ]
      },
      "@vicary/lambda-adapter@0.1.4": {
        "integrity": "a8860cdb0ddb88ffd8c5eaee3db245893a44fe04f7bcd7871b7748f421225413",
        "dependencies": [
          "npm:@types/aws-lambda@^8.10.145"
        ]
      }
    },
    "npm": {
      "@types/aws-lambda@8.10.145": {
        "integrity": "sha512-dtByW6WiFk5W5Jfgz1VM+YPA21xMXTuSFoLYIDY0L44jDLLflVPtZkYuu3/YxpGcvjzKFBZLU+GyKjR0HOYtyw==",
        "dependencies": {}
      },
      "@types/node@18.16.19": {
        "integrity": "sha512-IXl7o+R9iti9eBW4Wg2hx1xQDig183jj7YLn8F7udNceyfkbn1ZxmzZXuak20gR40D7pIkIY1kYGx5VIGbaHKA==",
        "dependencies": {}
      },
      "argparse@1.0.10": {
        "integrity": "sha512-o5Roy6tNG4SL/FOkCAN6RzjiakZS25RLYFrcMttJqbdd8BWrnA+fGz57iN5Pb06pvBGvl5gQ0B48dJlslXvoTg==",
        "dependencies": {
          "sprintf-js": "sprintf-js@1.0.3"
        }
      },
      "available-typed-arrays@1.0.7": {
        "integrity": "sha512-wvUjBtSGN7+7SjNpq/9M2Tg350UZD3q62IFZLbRAR1bSMlCo1ZaeW+BJ+D090e4hIIZLBcTDWe4Mh4jvUDajzQ==",
        "dependencies": {
          "possible-typed-array-names": "possible-typed-array-names@1.0.0"
        }
      },
      "aws-lambda@1.0.7": {
        "integrity": "sha512-9GNFMRrEMG5y3Jvv+V4azWvc+qNWdWLTjDdhf/zgMlz8haaaLWv0xeAIWxz9PuWUBawsVxy0zZotjCdR3Xq+2w==",
        "dependencies": {
          "aws-sdk": "aws-sdk@2.1691.0",
          "commander": "commander@3.0.2",
          "js-yaml": "js-yaml@3.14.1",
          "watchpack": "watchpack@2.4.2"
        }
      },
      "aws-sdk@2.1691.0": {
        "integrity": "sha512-/F2YC+DlsY3UBM2Bdnh5RLHOPNibS/+IcjUuhP8XuctyrN+MlL+fWDAiela32LTDk7hMy4rx8MTgvbJ+0blO5g==",
        "dependencies": {
          "buffer": "buffer@4.9.2",
          "events": "events@1.1.1",
          "ieee754": "ieee754@1.1.13",
          "jmespath": "jmespath@0.16.0",
          "querystring": "querystring@0.2.0",
          "sax": "sax@1.2.1",
          "url": "url@0.10.3",
          "util": "util@0.12.5",
          "uuid": "uuid@8.0.0",
          "xml2js": "xml2js@0.6.2"
        }
      },
      "base64-js@1.5.1": {
        "integrity": "sha512-AKpaYlHn8t4SVbOHCy+b5+KKgvR4vrsD8vbvrbiQJps7fKDTkjkDry6ji0rUJjC0kzbNePLwzxq8iypo41qeWA==",
        "dependencies": {}
      },
      "buffer@4.9.2": {
        "integrity": "sha512-xq+q3SRMOxGivLhBNaUdC64hDTQwejJ+H0T/NB1XMtTVEwNTrfFF3gAxiyW0Bu/xWEGhjVKgUcMhCrUy2+uCWg==",
        "dependencies": {
          "base64-js": "base64-js@1.5.1",
          "ieee754": "ieee754@1.1.13",
          "isarray": "isarray@1.0.0"
        }
      },
      "call-bind@1.0.7": {
        "integrity": "sha512-GHTSNSYICQ7scH7sZ+M2rFopRoLh8t2bLSW6BbgrtLsahOIB5iyAVJf9GjWK3cYTDaMj4XdBpM1cA6pIS0Kv2w==",
        "dependencies": {
          "es-define-property": "es-define-property@1.0.0",
          "es-errors": "es-errors@1.3.0",
          "function-bind": "function-bind@1.1.2",
          "get-intrinsic": "get-intrinsic@1.2.4",
          "set-function-length": "set-function-length@1.2.2"
        }
      },
      "commander@3.0.2": {
        "integrity": "sha512-Gar0ASD4BDyKC4hl4DwHqDrmvjoxWKZigVnAbn5H1owvm4CxCPdb0HQDehwNYMJpla5+M2tPmPARzhtYuwpHow==",
        "dependencies": {}
      },
      "define-data-property@1.1.4": {
        "integrity": "sha512-rBMvIzlpA8v6E+SJZoo++HAYqsLrkg7MSfIinMPFhmkorw7X+dOXVJQs+QT69zGkzMyfDnIMN2Wid1+NbL3T+A==",
        "dependencies": {
          "es-define-property": "es-define-property@1.0.0",
          "es-errors": "es-errors@1.3.0",
          "gopd": "gopd@1.0.1"
        }
      },
      "es-define-property@1.0.0": {
        "integrity": "sha512-jxayLKShrEqqzJ0eumQbVhTYQM27CfT1T35+gCgDFoL82JLsXqTJ76zv6A0YLOgEnLUMvLzsDsGIrl8NFpT2gQ==",
        "dependencies": {
          "get-intrinsic": "get-intrinsic@1.2.4"
        }
      },
      "es-errors@1.3.0": {
        "integrity": "sha512-Zf5H2Kxt2xjTvbJvP2ZWLEICxA6j+hAmMzIlypy4xcBg1vKVnx89Wy0GbS+kf5cwCVFFzdCFh2XSCFNULS6csw==",
        "dependencies": {}
      },
      "esprima@4.0.1": {
        "integrity": "sha512-eGuFFw7Upda+g4p+QHvnW0RyTX/SVeJBDM/gCtMARO0cLuT2HcEKnTPvhjV6aGeqrCB/sbNop0Kszm0jsaWU4A==",
        "dependencies": {}
      },
      "events@1.1.1": {
        "integrity": "sha512-kEcvvCBByWXGnZy6JUlgAp2gBIUjfCAV6P6TgT1/aaQKcmuAEC4OZTV1I4EWQLz2gxZw76atuVyvHhTxvi0Flw==",
        "dependencies": {}
      },
      "for-each@0.3.3": {
        "integrity": "sha512-jqYfLp7mo9vIyQf8ykW2v7A+2N4QjeCeI5+Dz9XraiO1ign81wjiH7Fb9vSOWvQfNtmSa4H2RoQTrrXivdUZmw==",
        "dependencies": {
          "is-callable": "is-callable@1.2.7"
        }
      },
      "function-bind@1.1.2": {
        "integrity": "sha512-7XHNxH7qX9xG5mIwxkhumTox/MIRNcOgDrxWsMt2pAr23WHp6MrRlN7FBSFpCpr+oVO0F744iUgR82nJMfG2SA==",
        "dependencies": {}
      },
      "get-intrinsic@1.2.4": {
        "integrity": "sha512-5uYhsJH8VJBTv7oslg4BznJYhDoRI6waYCxMmCdnTrcCrHA/fCFKoTFz2JKKE0HdDFUF7/oQuhzumXJK7paBRQ==",
        "dependencies": {
          "es-errors": "es-errors@1.3.0",
          "function-bind": "function-bind@1.1.2",
          "has-proto": "has-proto@1.0.3",
          "has-symbols": "has-symbols@1.0.3",
          "hasown": "hasown@2.0.2"
        }
      },
      "glob-to-regexp@0.4.1": {
        "integrity": "sha512-lkX1HJXwyMcprw/5YUZc2s7DrpAiHB21/V+E1rHUrVNokkvB6bqMzT0VfV6/86ZNabt1k14YOIaT7nDvOX3Iiw==",
        "dependencies": {}
      },
      "gopd@1.0.1": {
        "integrity": "sha512-d65bNlIadxvpb/A2abVdlqKqV563juRnZ1Wtk6s1sIR8uNsXR70xqIzVqxVf1eTqDunwT2MkczEeaezCKTZhwA==",
        "dependencies": {
          "get-intrinsic": "get-intrinsic@1.2.4"
        }
      },
      "graceful-fs@4.2.11": {
        "integrity": "sha512-RbJ5/jmFcNNCcDV5o9eTnBLJ/HszWV0P73bc+Ff4nS/rJj+YaS6IGyiOL0VoBYX+l1Wrl3k63h/KrH+nhJ0XvQ==",
        "dependencies": {}
      },
      "has-property-descriptors@1.0.2": {
        "integrity": "sha512-55JNKuIW+vq4Ke1BjOTjM2YctQIvCT7GFzHwmfZPGo5wnrgkid0YQtnAleFSqumZm4az3n2BS+erby5ipJdgrg==",
        "dependencies": {
          "es-define-property": "es-define-property@1.0.0"
        }
      },
      "has-proto@1.0.3": {
        "integrity": "sha512-SJ1amZAJUiZS+PhsVLf5tGydlaVB8EdFpaSO4gmiUKUOxk8qzn5AIy4ZeJUmh22znIdk/uMAUT2pl3FxzVUH+Q==",
        "dependencies": {}
      },
      "has-symbols@1.0.3": {
        "integrity": "sha512-l3LCuF6MgDNwTDKkdYGEihYjt5pRPbEg46rtlmnSPlUbgmB8LOIrKJbYYFBSbnPaJexMKtiPO8hmeRjRz2Td+A==",
        "dependencies": {}
      },
      "has-tostringtag@1.0.2": {
        "integrity": "sha512-NqADB8VjPFLM2V0VvHUewwwsw0ZWBaIdgo+ieHtK3hasLz4qeCRjYcqfB6AQrBggRKppKF8L52/VqdVsO47Dlw==",
        "dependencies": {
          "has-symbols": "has-symbols@1.0.3"
        }
      },
      "hasown@2.0.2": {
        "integrity": "sha512-0hJU9SCPvmMzIBdZFqNPXWa6dqh7WdH0cII9y+CyS8rG3nL48Bclra9HmKhVVUHyPWNH5Y7xDwAB7bfgSjkUMQ==",
        "dependencies": {
          "function-bind": "function-bind@1.1.2"
        }
      },
      "ieee754@1.1.13": {
        "integrity": "sha512-4vf7I2LYV/HaWerSo3XmlMkp5eZ83i+/CDluXi/IGTs/O1sejBNhTtnxzmRZfvOUqj7lZjqHkeTvpgSFDlWZTg==",
        "dependencies": {}
      },
      "inherits@2.0.4": {
        "integrity": "sha512-k/vGaX4/Yla3WzyMCvTQOXYeIHvqOKtnqBduzTHpzpQZzAskKMhZ2K+EnBiSM9zGSoIFeMpXKxa4dYeZIQqewQ==",
        "dependencies": {}
      },
      "is-arguments@1.1.1": {
        "integrity": "sha512-8Q7EARjzEnKpt/PCD7e1cgUS0a6X8u5tdSiMqXhojOdoV9TsMsiO+9VLC5vAmO8N7/GmXn7yjR8qnA6bVAEzfA==",
        "dependencies": {
          "call-bind": "call-bind@1.0.7",
          "has-tostringtag": "has-tostringtag@1.0.2"
        }
      },
      "is-callable@1.2.7": {
        "integrity": "sha512-1BC0BVFhS/p0qtw6enp8e+8OD0UrK0oFLztSjNzhcKA3WDuJxxAPXzPuPtKkjEY9UUoEWlX/8fgKeu2S8i9JTA==",
        "dependencies": {}
      },
      "is-generator-function@1.0.10": {
        "integrity": "sha512-jsEjy9l3yiXEQ+PsXdmBwEPcOxaXWLspKdplFUVI9vq1iZgIekeC0L167qeu86czQaxed3q/Uzuw0swL0irL8A==",
        "dependencies": {
          "has-tostringtag": "has-tostringtag@1.0.2"
        }
      },
      "is-typed-array@1.1.13": {
        "integrity": "sha512-uZ25/bUAlUY5fR4OKT4rZQEBrzQWYV9ZJYGGsUmEJ6thodVJ1HX64ePQ6Z0qPWP+m+Uq6e9UugrE38jeYsDSMw==",
        "dependencies": {
          "which-typed-array": "which-typed-array@1.1.15"
        }
      },
      "isarray@1.0.0": {
        "integrity": "sha512-VLghIWNM6ELQzo7zwmcg0NmTVyWKYjvIeM83yjp0wRDTmUnrM678fQbcKBo6n2CJEF0szoG//ytg+TKla89ALQ==",
        "dependencies": {}
      },
      "jmespath@0.16.0": {
        "integrity": "sha512-9FzQjJ7MATs1tSpnco1K6ayiYE3figslrXA72G2HQ/n76RzvYlofyi5QM+iX4YRs/pu3yzxlVQSST23+dMDknw==",
        "dependencies": {}
      },
      "js-yaml@3.14.1": {
        "integrity": "sha512-okMH7OXXJ7YrN9Ok3/SXrnu4iX9yOk+25nqX4imS2npuvTYDmo/QEZoqwZkYaIDk3jVvBOTOIEgEhaLOynBS9g==",
        "dependencies": {
          "argparse": "argparse@1.0.10",
          "esprima": "esprima@4.0.1"
        }
      },
      "possible-typed-array-names@1.0.0": {
        "integrity": "sha512-d7Uw+eZoloe0EHDIYoe+bQ5WXnGMOpmiZFTuMWCwpjzzkL2nTjcKiAk4hh8TjnGye2TwWOk3UXucZ+3rbmBa8Q==",
        "dependencies": {}
      },
      "punycode@1.3.2": {
        "integrity": "sha512-RofWgt/7fL5wP1Y7fxE7/EmTLzQVnB0ycyibJ0OOHIlJqTNzglYFxVwETOcIoJqJmpDXJ9xImDv+Fq34F/d4Dw==",
        "dependencies": {}
      },
      "querystring@0.2.0": {
        "integrity": "sha512-X/xY82scca2tau62i9mDyU9K+I+djTMUsvwf7xnUX5GLvVzgJybOJf4Y6o9Zx3oJK/LSXg5tTZBjwzqVPaPO2g==",
        "dependencies": {}
      },
      "sax@1.2.1": {
        "integrity": "sha512-8I2a3LovHTOpm7NV5yOyO8IHqgVsfK4+UuySrXU8YXkSRX7k6hCV9b3HrkKCr3nMpgj+0bmocaJJWpvp1oc7ZA==",
        "dependencies": {}
      },
      "set-function-length@1.2.2": {
        "integrity": "sha512-pgRc4hJ4/sNjWCSS9AmnS40x3bNMDTknHgL5UaMBTMyJnU90EgWh1Rz+MC9eFu4BuN/UwZjKQuY/1v3rM7HMfg==",
        "dependencies": {
          "define-data-property": "define-data-property@1.1.4",
          "es-errors": "es-errors@1.3.0",
          "function-bind": "function-bind@1.1.2",
          "get-intrinsic": "get-intrinsic@1.2.4",
          "gopd": "gopd@1.0.1",
          "has-property-descriptors": "has-property-descriptors@1.0.2"
        }
      },
      "sprintf-js@1.0.3": {
        "integrity": "sha512-D9cPgkvLlV3t3IzL0D0YLvGA9Ahk4PcvVwUbN0dSGr1aP0Nrt4AEnTUbuGvquEC0mA64Gqt1fzirlRs5ibXx8g==",
        "dependencies": {}
      },
      "url@0.10.3": {
        "integrity": "sha512-hzSUW2q06EqL1gKM/a+obYHLIO6ct2hwPuviqTTOcfFVc61UbfJ2Q32+uGL/HCPxKqrdGB5QUwIe7UqlDgwsOQ==",
        "dependencies": {
          "punycode": "punycode@1.3.2",
          "querystring": "querystring@0.2.0"
        }
      },
      "util@0.12.5": {
        "integrity": "sha512-kZf/K6hEIrWHI6XqOFUiiMa+79wE/D8Q+NCNAWclkyg3b4d2k7s0QGepNjiABc+aR3N1PAyHL7p6UcLY6LmrnA==",
        "dependencies": {
          "inherits": "inherits@2.0.4",
          "is-arguments": "is-arguments@1.1.1",
          "is-generator-function": "is-generator-function@1.0.10",
          "is-typed-array": "is-typed-array@1.1.13",
          "which-typed-array": "which-typed-array@1.1.15"
        }
      },
      "uuid@8.0.0": {
        "integrity": "sha512-jOXGuXZAWdsTH7eZLtyXMqUb9EcWMGZNbL9YcGBJl4MH4nrxHmZJhEHvyLFrkxo+28uLb/NYRcStH48fnD0Vzw==",
        "dependencies": {}
      },
      "watchpack@2.4.2": {
        "integrity": "sha512-TnbFSbcOCcDgjZ4piURLCbJ3nJhznVh9kw6F6iokjiFPl8ONxe9A6nMDVXDiNbrSfLILs6vB07F7wLBrwPYzJw==",
        "dependencies": {
          "glob-to-regexp": "glob-to-regexp@0.4.1",
          "graceful-fs": "graceful-fs@4.2.11"
        }
      },
      "which-typed-array@1.1.15": {
        "integrity": "sha512-oV0jmFtUky6CXfkqehVvBP/LSWJ2sy4vWMioiENyJLePrBO/yKyV9OyJySfAKosh+RYkIl5zJCNZ8/4JncrpdA==",
        "dependencies": {
          "available-typed-arrays": "available-typed-arrays@1.0.7",
          "call-bind": "call-bind@1.0.7",
          "for-each": "for-each@0.3.3",
          "gopd": "gopd@1.0.1",
          "has-tostringtag": "has-tostringtag@1.0.2"
        }
      },
      "xml2js@0.6.2": {
        "integrity": "sha512-T4rieHaC1EXcES0Kxxj4JWgaUQHDk+qwHcYOCFHfiwKz7tOVPLq7Hjq9dM1WCMhylqMEfP7hMcOIChvotiZegA==",
        "dependencies": {
          "sax": "sax@1.2.1",
          "xmlbuilder": "xmlbuilder@11.0.1"
        }
      },
      "xmlbuilder@11.0.1": {
        "integrity": "sha512-fDlsI/kFEx7gLvbecc0/ohLG50fugQp8ryHzMTuW9vSa1GJ0XYWKnhsUx7oie3G98+r56aTQIUB4kht42R3JvA==",
        "dependencies": {}
      }
    }
  },
  "remote": {},
  "workspace": {
    "packageJson": {
      "dependencies": [
        "npm:husky@^9.1.6"
      ]
    }
  }
}
